{
  "originHash" : "565035e3bc830e0df269442471c019261284ac60e218a00d2cf8950c1037a837",
  "pins" : [
    {
      "identity" : "ratex",
      "kind" : "remoteSourceControl",
      "location" : "https://github.com/erweixin/RaTeX.git",
      "state" : {
        "revision" : "bf9e2cfae1394137bd8edf08988dba0dc3601dc6",
        "version" : "0.1.12"
      }
    }
  ],
  "version" : 3
}
